// !$*UTF8*$!
{
	archiveVersion = 1;
	classes = {
	};
	objectVersion = 56;
	objects = {

/* Begin PBXBuildFile section */
		666B8296298D5E5E00B79D2B /* AppDelegate.swift in Sources */ = {isa = PBXBuildFile; fileRef = 666B8295298D5E5E00B79D2B /* AppDelegate.swift */; };
		666B8298298D5E5E00B79D2B /* SceneDelegate.swift in Sources */ = {isa = PBXBuildFile; fileRef = 666B8297298D5E5E00B79D2B /* SceneDelegate.swift */; };
		666B829A298D5E5E00B79D2B /* RMTabViewController.swift in Sources */ = {isa = PBXBuildFile; fileRef = 666B8299298D5E5E00B79D2B /* RMTabViewController.swift */; };
		666B829F298D5E5F00B79D2B /* Assets.xcassets in Resources */ = {isa = PBXBuildFile; fileRef = 666B829E298D5E5F00B79D2B /* Assets.xcassets */; };
		666B82A2298D5E5F00B79D2B /* LaunchScreen.storyboard in Resources */ = {isa = PBXBuildFile; fileRef = 666B82A0298D5E5F00B79D2B /* LaunchScreen.storyboard */; };
		666B82B1298D62D400B79D2B /* RMLocation.swift in Sources */ = {isa = PBXBuildFile; fileRef = 666B82B0298D62D400B79D2B /* RMLocation.swift */; };
		666B82B3298D62E000B79D2B /* RMCharacter.swift in Sources */ = {isa = PBXBuildFile; fileRef = 666B82B2298D62E000B79D2B /* RMCharacter.swift */; };
		666B82B5298D62E900B79D2B /* RMEpisode.swift in Sources */ = {isa = PBXBuildFile; fileRef = 666B82B4298D62E900B79D2B /* RMEpisode.swift */; };
		666B82B8298D635900B79D2B /* RMCharacterViewController.swift in Sources */ = {isa = PBXBuildFile; fileRef = 666B82B7298D635900B79D2B /* RMCharacterViewController.swift */; };
		666B82BA298D636300B79D2B /* RMLocationViewController.swift in Sources */ = {isa = PBXBuildFile; fileRef = 666B82B9298D636300B79D2B /* RMLocationViewController.swift */; };
		666B82BC298D637500B79D2B /* RMEpisodeViewController.swift in Sources */ = {isa = PBXBuildFile; fileRef = 666B82BB298D637500B79D2B /* RMEpisodeViewController.swift */; };
		666B82BE298D638100B79D2B /* RMSettingsViewController.swift in Sources */ = {isa = PBXBuildFile; fileRef = 666B82BD298D638100B79D2B /* RMSettingsViewController.swift */; };
		666B82C0298D6A6E00B79D2B /* RMService.swift in Sources */ = {isa = PBXBuildFile; fileRef = 666B82BF298D6A6E00B79D2B /* RMService.swift */; };
		666B82C2298D6A7900B79D2B /* RMRequest.swift in Sources */ = {isa = PBXBuildFile; fileRef = 666B82C1298D6A7900B79D2B /* RMRequest.swift */; };
		666B82C4298D6B0F00B79D2B /* RMEndpoint.swift in Sources */ = {isa = PBXBuildFile; fileRef = 666B82C3298D6B0F00B79D2B /* RMEndpoint.swift */; };
		666B82C8299B413900B79D2B /* RMGetAllCharactersResponse.swift in Sources */ = {isa = PBXBuildFile; fileRef = 666B82C7299B413900B79D2B /* RMGetAllCharactersResponse.swift */; };
		666B82CA299B4FBF00B79D2B /* CharacterListViewViewModel.swift in Sources */ = {isa = PBXBuildFile; fileRef = 666B82C9299B4FBF00B79D2B /* CharacterListViewViewModel.swift */; };
		666B82CC299B501B00B79D2B /* CharacterListView.swift in Sources */ = {isa = PBXBuildFile; fileRef = 666B82CB299B501B00B79D2B /* CharacterListView.swift */; };
		666B82CE299B5C1700B79D2B /* Extensions.swift in Sources */ = {isa = PBXBuildFile; fileRef = 666B82CD299B5C1700B79D2B /* Extensions.swift */; };
/* End PBXBuildFile section */

/* Begin PBXFileReference section */
		666B8292298D5E5E00B79D2B /* RickAndMorty.app */ = {isa = PBXFileReference; explicitFileType = wrapper.application; includeInIndex = 0; path = RickAndMorty.app; sourceTree = BUILT_PRODUCTS_DIR; };
		666B8295298D5E5E00B79D2B /* AppDelegate.swift */ = {isa = PBXFileReference; lastKnownFileType = sourcecode.swift; path = AppDelegate.swift; sourceTree = "<group>"; };
		666B8297298D5E5E00B79D2B /* SceneDelegate.swift */ = {isa = PBXFileReference; lastKnownFileType = sourcecode.swift; path = SceneDelegate.swift; sourceTree = "<group>"; };
		666B8299298D5E5E00B79D2B /* RMTabViewController.swift */ = {isa = PBXFileReference; lastKnownFileType = sourcecode.swift; path = RMTabViewController.swift; sourceTree = "<group>"; };
		666B829E298D5E5F00B79D2B /* Assets.xcassets */ = {isa = PBXFileReference; lastKnownFileType = folder.assetcatalog; path = Assets.xcassets; sourceTree = "<group>"; };
		666B82A1298D5E5F00B79D2B /* Base */ = {isa = PBXFileReference; lastKnownFileType = file.storyboard; name = Base; path = Base.lproj/LaunchScreen.storyboard; sourceTree = "<group>"; };
		666B82A3298D5E5F00B79D2B /* Info.plist */ = {isa = PBXFileReference; lastKnownFileType = text.plist.xml; path = Info.plist; sourceTree = "<group>"; };
		666B82B0298D62D400B79D2B /* RMLocation.swift */ = {isa = PBXFileReference; lastKnownFileType = sourcecode.swift; path = RMLocation.swift; sourceTree = "<group>"; };
		666B82B2298D62E000B79D2B /* RMCharacter.swift */ = {isa = PBXFileReference; lastKnownFileType = sourcecode.swift; path = RMCharacter.swift; sourceTree = "<group>"; };
		666B82B4298D62E900B79D2B /* RMEpisode.swift */ = {isa = PBXFileReference; lastKnownFileType = sourcecode.swift; path = RMEpisode.swift; sourceTree = "<group>"; };
		666B82B7298D635900B79D2B /* RMCharacterViewController.swift */ = {isa = PBXFileReference; lastKnownFileType = sourcecode.swift; path = RMCharacterViewController.swift; sourceTree = "<group>"; };
		666B82B9298D636300B79D2B /* RMLocationViewController.swift */ = {isa = PBXFileReference; lastKnownFileType = sourcecode.swift; path = RMLocationViewController.swift; sourceTree = "<group>"; };
		666B82BB298D637500B79D2B /* RMEpisodeViewController.swift */ = {isa = PBXFileReference; lastKnownFileType = sourcecode.swift; path = RMEpisodeViewController.swift; sourceTree = "<group>"; };
		666B82BD298D638100B79D2B /* RMSettingsViewController.swift */ = {isa = PBXFileReference; lastKnownFileType = sourcecode.swift; path = RMSettingsViewController.swift; sourceTree = "<group>"; };
		666B82BF298D6A6E00B79D2B /* RMService.swift */ = {isa = PBXFileReference; lastKnownFileType = sourcecode.swift; path = RMService.swift; sourceTree = "<group>"; };
		666B82C1298D6A7900B79D2B /* RMRequest.swift */ = {isa = PBXFileReference; lastKnownFileType = sourcecode.swift; path = RMRequest.swift; sourceTree = "<group>"; };
		666B82C3298D6B0F00B79D2B /* RMEndpoint.swift */ = {isa = PBXFileReference; lastKnownFileType = sourcecode.swift; path = RMEndpoint.swift; sourceTree = "<group>"; };
		666B82C7299B413900B79D2B /* RMGetAllCharactersResponse.swift */ = {isa = PBXFileReference; lastKnownFileType = sourcecode.swift; path = RMGetAllCharactersResponse.swift; sourceTree = "<group>"; };
		666B82C9299B4FBF00B79D2B /* CharacterListViewViewModel.swift */ = {isa = PBXFileReference; lastKnownFileType = sourcecode.swift; path = CharacterListViewViewModel.swift; sourceTree = "<group>"; };
		666B82CB299B501B00B79D2B /* CharacterListView.swift */ = {isa = PBXFileReference; lastKnownFileType = sourcecode.swift; path = CharacterListView.swift; sourceTree = "<group>"; };
		666B82CD299B5C1700B79D2B /* Extensions.swift */ = {isa = PBXFileReference; lastKnownFileType = sourcecode.swift; path = Extensions.swift; sourceTree = "<group>"; };
/* End PBXFileReference section */

/* Begin PBXFrameworksBuildPhase section */
		666B828F298D5E5E00B79D2B /* Frameworks */ = {
			isa = PBXFrameworksBuildPhase;
			buildActionMask = 2147483647;
			files = (
			);
			runOnlyForDeploymentPostprocessing = 0;
		};
/* End PBXFrameworksBuildPhase section */

/* Begin PBXGroup section */
		666B8289298D5E5E00B79D2B = {
			isa = PBXGroup;
			children = (
				666B8294298D5E5E00B79D2B /* RickAndMorty */,
				666B8293298D5E5E00B79D2B /* Products */,
			);
			sourceTree = "<group>";
		};
		666B8293298D5E5E00B79D2B /* Products */ = {
			isa = PBXGroup;
			children = (
				666B8292298D5E5E00B79D2B /* RickAndMorty.app */,
			);
			name = Products;
			sourceTree = "<group>";
		};
		666B8294298D5E5E00B79D2B /* RickAndMorty */ = {
			isa = PBXGroup;
			children = (
				666B82AF298D617900B79D2B /* Resources */,
				666B82AE298D616F00B79D2B /* Managers */,
				666B82AD298D616600B79D2B /* APIClient */,
				666B82AC298D615F00B79D2B /* ViewModels */,
				666B82AB298D615100B79D2B /* Views */,
				666B82AA298D614900B79D2B /* Models */,
				666B82A9298D613B00B79D2B /* Controllers */,
				666B82A3298D5E5F00B79D2B /* Info.plist */,
			);
			path = RickAndMorty;
			sourceTree = "<group>";
		};
		666B82A9298D613B00B79D2B /* Controllers */ = {
			isa = PBXGroup;
			children = (
				666B82B6298D632B00B79D2B /* Core */,
			);
			path = Controllers;
			sourceTree = "<group>";
		};
		666B82AA298D614900B79D2B /* Models */ = {
			isa = PBXGroup;
			children = (
				666B82C6299B411B00B79D2B /* APIResponseTypes */,
				666B82C5299B411400B79D2B /* DataTypes */,
			);
			path = Models;
			sourceTree = "<group>";
		};
		666B82AB298D615100B79D2B /* Views */ = {
			isa = PBXGroup;
			children = (
				666B82CB299B501B00B79D2B /* CharacterListView.swift */,
			);
			path = Views;
			sourceTree = "<group>";
		};
		666B82AC298D615F00B79D2B /* ViewModels */ = {
			isa = PBXGroup;
			children = (
				666B82C9299B4FBF00B79D2B /* CharacterListViewViewModel.swift */,
			);
			path = ViewModels;
			sourceTree = "<group>";
		};
		666B82AD298D616600B79D2B /* APIClient */ = {
			isa = PBXGroup;
			children = (
				666B82BF298D6A6E00B79D2B /* RMService.swift */,
				666B82C1298D6A7900B79D2B /* RMRequest.swift */,
				666B82C3298D6B0F00B79D2B /* RMEndpoint.swift */,
			);
			path = APIClient;
			sourceTree = "<group>";
		};
		666B82AE298D616F00B79D2B /* Managers */ = {
			isa = PBXGroup;
			children = (
			);
			path = Managers;
			sourceTree = "<group>";
		};
		666B82AF298D617900B79D2B /* Resources */ = {
			isa = PBXGroup;
			children = (
				666B8295298D5E5E00B79D2B /* AppDelegate.swift */,
				666B8297298D5E5E00B79D2B /* SceneDelegate.swift */,
				666B829E298D5E5F00B79D2B /* Assets.xcassets */,
				666B82A0298D5E5F00B79D2B /* LaunchScreen.storyboard */,
				666B82CD299B5C1700B79D2B /* Extensions.swift */,
			);
			path = Resources;
			sourceTree = "<group>";
		};
		666B82B6298D632B00B79D2B /* Core */ = {
			isa = PBXGroup;
			children = (
				666B8299298D5E5E00B79D2B /* RMTabViewController.swift */,
				666B82B7298D635900B79D2B /* RMCharacterViewController.swift */,
				666B82B9298D636300B79D2B /* RMLocationViewController.swift */,
				666B82BB298D637500B79D2B /* RMEpisodeViewController.swift */,
				666B82BD298D638100B79D2B /* RMSettingsViewController.swift */,
			);
			path = Core;
			sourceTree = "<group>";
		};
		666B82C5299B411400B79D2B /* DataTypes */ = {
			isa = PBXGroup;
			children = (
				666B82B0298D62D400B79D2B /* RMLocation.swift */,
				666B82B2298D62E000B79D2B /* RMCharacter.swift */,
				666B82B4298D62E900B79D2B /* RMEpisode.swift */,
			);
			path = DataTypes;
			sourceTree = "<group>";
		};
		666B82C6299B411B00B79D2B /* APIResponseTypes */ = {
			isa = PBXGroup;
			children = (
				666B82C7299B413900B79D2B /* RMGetAllCharactersResponse.swift */,
			);
			path = APIResponseTypes;
			sourceTree = "<group>";
		};
/* End PBXGroup section */

/* Begin PBXNativeTarget section */
		666B8291298D5E5E00B79D2B /* RickAndMorty */ = {
			isa = PBXNativeTarget;
			buildConfigurationList = 666B82A6298D5E5F00B79D2B /* Build configuration list for PBXNativeTarget "RickAndMorty" */;
			buildPhases = (
				666B828E298D5E5E00B79D2B /* Sources */,
				666B828F298D5E5E00B79D2B /* Frameworks */,
				666B8290298D5E5E00B79D2B /* Resources */,
			);
			buildRules = (
			);
			dependencies = (
			);
			name = RickAndMorty;
			productName = RickAndMorty;
			productReference = 666B8292298D5E5E00B79D2B /* RickAndMorty.app */;
			productType = "com.apple.product-type.application";
		};
/* End PBXNativeTarget section */

/* Begin PBXProject section */
		666B828A298D5E5E00B79D2B /* Project object */ = {
			isa = PBXProject;
			attributes = {
				BuildIndependentTargetsInParallel = 1;
				LastSwiftUpdateCheck = 1420;
				LastUpgradeCheck = 1420;
				TargetAttributes = {
					666B8291298D5E5E00B79D2B = {
						CreatedOnToolsVersion = 14.2;
					};
				};
			};
			buildConfigurationList = 666B828D298D5E5E00B79D2B /* Build configuration list for PBXProject "RickAndMorty" */;
			compatibilityVersion = "Xcode 14.0";
			developmentRegion = en;
			hasScannedForEncodings = 0;
			knownRegions = (
				en,
				Base,
			);
			mainGroup = 666B8289298D5E5E00B79D2B;
			productRefGroup = 666B8293298D5E5E00B79D2B /* Products */;
			projectDirPath = "";
			projectRoot = "";
			targets = (
				666B8291298D5E5E00B79D2B /* RickAndMorty */,
			);
		};
/* End PBXProject section */

/* Begin PBXResourcesBuildPhase section */
		666B8290298D5E5E00B79D2B /* Resources */ = {
			isa = PBXResourcesBuildPhase;
			buildActionMask = 2147483647;
			files = (
				666B82A2298D5E5F00B79D2B /* LaunchScreen.storyboard in Resources */,
				666B829F298D5E5F00B79D2B /* Assets.xcassets in Resources */,
			);
			runOnlyForDeploymentPostprocessing = 0;
		};
/* End PBXResourcesBuildPhase section */

/* Begin PBXSourcesBuildPhase section */
		666B828E298D5E5E00B79D2B /* Sources */ = {
			isa = PBXSourcesBuildPhase;
			buildActionMask = 2147483647;
			files = (
				666B82BA298D636300B79D2B /* RMLocationViewController.swift in Sources */,
				666B82B5298D62E900B79D2B /* RMEpisode.swift in Sources */,
				666B829A298D5E5E00B79D2B /* RMTabViewController.swift in Sources */,
				666B82BC298D637500B79D2B /* RMEpisodeViewController.swift in Sources */,
				666B82C8299B413900B79D2B /* RMGetAllCharactersResponse.swift in Sources */,
				666B8296298D5E5E00B79D2B /* AppDelegate.swift in Sources */,
				666B82CC299B501B00B79D2B /* CharacterListView.swift in Sources */,
				666B8298298D5E5E00B79D2B /* SceneDelegate.swift in Sources */,
				666B82BE298D638100B79D2B /* RMSettingsViewController.swift in Sources */,
				666B82CA299B4FBF00B79D2B /* CharacterListViewViewModel.swift in Sources */,
				666B82C0298D6A6E00B79D2B /* RMService.swift in Sources */,
				666B82B1298D62D400B79D2B /* RMLocation.swift in Sources */,
				666B82C4298D6B0F00B79D2B /* RMEndpoint.swift in Sources */,
				666B82B3298D62E000B79D2B /* RMCharacter.swift in Sources */,
				666B82CE299B5C1700B79D2B /* Extensions.swift in Sources */,
				666B82C2298D6A7900B79D2B /* RMRequest.swift in Sources */,
				666B82B8298D635900B79D2B /* RMCharacterViewController.swift in Sources */,
			);
			runOnlyForDeploymentPostprocessing = 0;
		};
/* End PBXSourcesBuildPhase section */

/* Begin PBXVariantGroup section */
		666B82A0298D5E5F00B79D2B /* LaunchScreen.storyboard */ = {
			isa = PBXVariantGroup;
			children = (
				666B82A1298D5E5F00B79D2B /* Base */,
			);
			name = LaunchScreen.storyboard;
			sourceTree = "<group>";
		};
/* End PBXVariantGroup section */

/* Begin XCBuildConfiguration section */
		666B82A4298D5E5F00B79D2B /* Debug */ = {
			isa = XCBuildConfiguration;
			buildSettings = {
				ALWAYS_SEARCH_USER_PATHS = NO;
				CLANG_ANALYZER_NONNULL = YES;
				CLANG_ANALYZER_NUMBER_OBJECT_CONVERSION = YES_AGGRESSIVE;
				CLANG_CXX_LANGUAGE_STANDARD = "gnu++20";
				CLANG_ENABLE_MODULES = YES;
				CLANG_ENABLE_OBJC_ARC = YES;
				CLANG_ENABLE_OBJC_WEAK = YES;
				CLANG_WARN_BLOCK_CAPTURE_AUTORELEASING = YES;
				CLANG_WARN_BOOL_CONVERSION = YES;
				CLANG_WARN_COMMA = YES;
				CLANG_WARN_CONSTANT_CONVERSION = YES;
				CLANG_WARN_DEPRECATED_OBJC_IMPLEMENTATIONS = YES;
				CLANG_WARN_DIRECT_OBJC_ISA_USAGE = YES_ERROR;
				CLANG_WARN_DOCUMENTATION_COMMENTS = YES;
				CLANG_WARN_EMPTY_BODY = YES;
				CLANG_WARN_ENUM_CONVERSION = YES;
				CLANG_WARN_INFINITE_RECURSION = YES;
				CLANG_WARN_INT_CONVERSION = YES;
				CLANG_WARN_NON_LITERAL_NULL_CONVERSION = YES;
				CLANG_WARN_OBJC_IMPLICIT_RETAIN_SELF = YES;
				CLANG_WARN_OBJC_LITERAL_CONVERSION = YES;
				CLANG_WARN_OBJC_ROOT_CLASS = YES_ERROR;
				CLANG_WARN_QUOTED_INCLUDE_IN_FRAMEWORK_HEADER = YES;
				CLANG_WARN_RANGE_LOOP_ANALYSIS = YES;
				CLANG_WARN_STRICT_PROTOTYPES = YES;
				CLANG_WARN_SUSPICIOUS_MOVE = YES;
				CLANG_WARN_UNGUARDED_AVAILABILITY = YES_AGGRESSIVE;
				CLANG_WARN_UNREACHABLE_CODE = YES;
				CLANG_WARN__DUPLICATE_METHOD_MATCH = YES;
				COPY_PHASE_STRIP = NO;
				DEBUG_INFORMATION_FORMAT = dwarf;
				ENABLE_STRICT_OBJC_MSGSEND = YES;
				ENABLE_TESTABILITY = YES;
				GCC_C_LANGUAGE_STANDARD = gnu11;
				GCC_DYNAMIC_NO_PIC = NO;
				GCC_NO_COMMON_BLOCKS = YES;
				GCC_OPTIMIZATION_LEVEL = 0;
				GCC_PREPROCESSOR_DEFINITIONS = (
					"DEBUG=1",
					"$(inherited)",
				);
				GCC_WARN_64_TO_32_BIT_CONVERSION = YES;
				GCC_WARN_ABOUT_RETURN_TYPE = YES_ERROR;
				GCC_WARN_UNDECLARED_SELECTOR = YES;
				GCC_WARN_UNINITIALIZED_AUTOS = YES_AGGRESSIVE;
				GCC_WARN_UNUSED_FUNCTION = YES;
				GCC_WARN_UNUSED_VARIABLE = YES;
				IPHONEOS_DEPLOYMENT_TARGET = 16.2;
				MTL_ENABLE_DEBUG_INFO = INCLUDE_SOURCE;
				MTL_FAST_MATH = YES;
				ONLY_ACTIVE_ARCH = YES;
				SDKROOT = iphoneos;
				SWIFT_ACTIVE_COMPILATION_CONDITIONS = DEBUG;
				SWIFT_OPTIMIZATION_LEVEL = "-Onone";
			};
			name = Debug;
		};
		666B82A5298D5E5F00B79D2B /* Release */ = {
			isa = XCBuildConfiguration;
			buildSettings = {
				ALWAYS_SEARCH_USER_PATHS = NO;
				CLANG_ANALYZER_NONNULL = YES;
				CLANG_ANALYZER_NUMBER_OBJECT_CONVERSION = YES_AGGRESSIVE;
				CLANG_CXX_LANGUAGE_STANDARD = "gnu++20";
				CLANG_ENABLE_MODULES = YES;
				CLANG_ENABLE_OBJC_ARC = YES;
				CLANG_ENABLE_OBJC_WEAK = YES;
				CLANG_WARN_BLOCK_CAPTURE_AUTORELEASING = YES;
				CLANG_WARN_BOOL_CONVERSION = YES;
				CLANG_WARN_COMMA = YES;
				CLANG_WARN_CONSTANT_CONVERSION = YES;
				CLANG_WARN_DEPRECATED_OBJC_IMPLEMENTATIONS = YES;
				CLANG_WARN_DIRECT_OBJC_ISA_USAGE = YES_ERROR;
				CLANG_WARN_DOCUMENTATION_COMMENTS = YES;
				CLANG_WARN_EMPTY_BODY = YES;
				CLANG_WARN_ENUM_CONVERSION = YES;
				CLANG_WARN_INFINITE_RECURSION = YES;
				CLANG_WARN_INT_CONVERSION = YES;
				CLANG_WARN_NON_LITERAL_NULL_CONVERSION = YES;
				CLANG_WARN_OBJC_IMPLICIT_RETAIN_SELF = YES;
				CLANG_WARN_OBJC_LITERAL_CONVERSION = YES;
				CLANG_WARN_OBJC_ROOT_CLASS = YES_ERROR;
				CLANG_WARN_QUOTED_INCLUDE_IN_FRAMEWORK_HEADER = YES;
				CLANG_WARN_RANGE_LOOP_ANALYSIS = YES;
				CLANG_WARN_STRICT_PROTOTYPES = YES;
				CLANG_WARN_SUSPICIOUS_MOVE = YES;
				CLANG_WARN_UNGUARDED_AVAILABILITY = YES_AGGRESSIVE;
				CLANG_WARN_UNREACHABLE_CODE = YES;
				CLANG_WARN__DUPLICATE_METHOD_MATCH = YES;
				COPY_PHASE_STRIP = NO;
				DEBUG_INFORMATION_FORMAT = "dwarf-with-dsym";
				ENABLE_NS_ASSERTIONS = NO;
				ENABLE_STRICT_OBJC_MSGSEND = YES;
				GCC_C_LANGUAGE_STANDARD = gnu11;
				GCC_NO_COMMON_BLOCKS = YES;
				GCC_WARN_64_TO_32_BIT_CONVERSION = YES;
				GCC_WARN_ABOUT_RETURN_TYPE = YES_ERROR;
				GCC_WARN_UNDECLARED_SELECTOR = YES;
				GCC_WARN_UNINITIALIZED_AUTOS = YES_AGGRESSIVE;
				GCC_WARN_UNUSED_FUNCTION = YES;
				GCC_WARN_UNUSED_VARIABLE = YES;
				IPHONEOS_DEPLOYMENT_TARGET = 16.2;
				MTL_ENABLE_DEBUG_INFO = NO;
				MTL_FAST_MATH = YES;
				SDKROOT = iphoneos;
				SWIFT_COMPILATION_MODE = wholemodule;
				SWIFT_OPTIMIZATION_LEVEL = "-O";
				VALIDATE_PRODUCT = YES;
			};
			name = Release;
		};
		666B82A7298D5E5F00B79D2B /* Debug */ = {
			isa = XCBuildConfiguration;
			buildSettings = {
				ASSETCATALOG_COMPILER_APPICON_NAME = AppIcon;
				ASSETCATALOG_COMPILER_GLOBAL_ACCENT_COLOR_NAME = AccentColor;
				CODE_SIGN_STYLE = Automatic;
				CURRENT_PROJECT_VERSION = 1;
				DEVELOPMENT_TEAM = C5UP27Z5YP;
				GENERATE_INFOPLIST_FILE = YES;
				INFOPLIST_FILE = RickAndMorty/Info.plist;
				INFOPLIST_KEY_UIApplicationSupportsIndirectInputEvents = YES;
				INFOPLIST_KEY_UILaunchStoryboardName = LaunchScreen;
				INFOPLIST_KEY_UISupportedInterfaceOrientations_iPad = "UIInterfaceOrientationPortrait UIInterfaceOrientationPortraitUpsideDown UIInterfaceOrientationLandscapeLeft UIInterfaceOrientationLandscapeRight";
				INFOPLIST_KEY_UISupportedInterfaceOrientations_iPhone = "UIInterfaceOrientationPortrait UIInterfaceOrientationLandscapeLeft UIInterfaceOrientationLandscapeRight";
				LD_RUNPATH_SEARCH_PATHS = (
					"$(inherited)",
					"@executable_path/Frameworks",
				);
				MARKETING_VERSION = 1.0;
				PRODUCT_BUNDLE_IDENTIFIER = com.gustavoferrufino.RickAndMorty;
				PRODUCT_NAME = "$(TARGET_NAME)";
				SWIFT_EMIT_LOC_STRINGS = YES;
				SWIFT_VERSION = 5.0;
				TARGETED_DEVICE_FAMILY = "1,2";
			};
			name = Debug;
		};
		666B82A8298D5E5F00B79D2B /* Release */ = {
			isa = XCBuildConfiguration;
			buildSettings = {
				ASSETCATALOG_COMPILER_APPICON_NAME = AppIcon;
				ASSETCATALOG_COMPILER_GLOBAL_ACCENT_COLOR_NAME = AccentColor;
				CODE_SIGN_STYLE = Automatic;
				CURRENT_PROJECT_VERSION = 1;
				DEVELOPMENT_TEAM = C5UP27Z5YP;
				GENERATE_INFOPLIST_FILE = YES;
				INFOPLIST_FILE = RickAndMorty/Info.plist;
				INFOPLIST_KEY_UIApplicationSupportsIndirectInputEvents = YES;
				INFOPLIST_KEY_UILaunchStoryboardName = LaunchScreen;
				INFOPLIST_KEY_UISupportedInterfaceOrientations_iPad = "UIInterfaceOrientationPortrait UIInterfaceOrientationPortraitUpsideDown UIInterfaceOrientationLandscapeLeft UIInterfaceOrientationLandscapeRight";
				INFOPLIST_KEY_UISupportedInterfaceOrientations_iPhone = "UIInterfaceOrientationPortrait UIInterfaceOrientationLandscapeLeft UIInterfaceOrientationLandscapeRight";
				LD_RUNPATH_SEARCH_PATHS = (
					"$(inherited)",
					"@executable_path/Frameworks",
				);
				MARKETING_VERSION = 1.0;
				PRODUCT_BUNDLE_IDENTIFIER = com.gustavoferrufino.RickAndMorty;
				PRODUCT_NAME = "$(TARGET_NAME)";
				SWIFT_EMIT_LOC_STRINGS = YES;
				SWIFT_VERSION = 5.0;
				TARGETED_DEVICE_FAMILY = "1,2";
			};
			name = Release;
		};
/* End XCBuildConfiguration section */

/* Begin XCConfigurationList section */
		666B828D298D5E5E00B79D2B /* Build configuration list for PBXProject "RickAndMorty" */ = {
			isa = XCConfigurationList;
			buildConfigurations = (
				666B82A4298D5E5F00B79D2B /* Debug */,
				666B82A5298D5E5F00B79D2B /* Release */,
			);
			defaultConfigurationIsVisible = 0;
			defaultConfigurationName = Release;
		};
		666B82A6298D5E5F00B79D2B /* Build configuration list for PBXNativeTarget "RickAndMorty" */ = {
			isa = XCConfigurationList;
			buildConfigurations = (
				666B82A7298D5E5F00B79D2B /* Debug */,
				666B82A8298D5E5F00B79D2B /* Release */,
			);
			defaultConfigurationIsVisible = 0;
			defaultConfigurationName = Release;
		};
/* End XCConfigurationList section */
	};
	rootObject = 666B828A298D5E5E00B79D2B /* Project object */;
}
